// !$*UTF8*$!
{
	archiveVersion = 1;
	classes = {
	};
	objectVersion = 56;
	objects = {

/* Begin PBXBuildFile section */
		AB2BABE72A76DAC900DD5410 /* News_Reader_AppApp.swift in Sources */ = {isa = PBXBuildFile; fileRef = AB2BABE62A76DAC900DD5410 /* News_Reader_AppApp.swift */; };
		AB2BABEB2A76DACA00DD5410 /* Assets.xcassets in Resources */ = {isa = PBXBuildFile; fileRef = AB2BABEA2A76DACA00DD5410 /* Assets.xcassets */; };
		AB2BABEE2A76DACA00DD5410 /* Preview Assets.xcassets in Resources */ = {isa = PBXBuildFile; fileRef = AB2BABED2A76DACA00DD5410 /* Preview Assets.xcassets */; };
		AB2BAC142A76DBCC00DD5410 /* APIHandler.swift in Sources */ = {isa = PBXBuildFile; fileRef = AB2BAC132A76DBCC00DD5410 /* APIHandler.swift */; };
		AB2BAC162A76DC3800DD5410 /* NewsParser.swift in Sources */ = {isa = PBXBuildFile; fileRef = AB2BAC152A76DC3800DD5410 /* NewsParser.swift */; };
		AB2BAC192A76DCDF00DD5410 /* OptionallyDecodable in Frameworks */ = {isa = PBXBuildFile; productRef = AB2BAC182A76DCDF00DD5410 /* OptionallyDecodable */; };
		AB2BAC1B2A76DD2900DD5410 /* NewsViewModel.swift in Sources */ = {isa = PBXBuildFile; fileRef = AB2BAC1A2A76DD2900DD5410 /* NewsViewModel.swift */; };
		AB2BAC1F2A76DFB800DD5410 /* MainView.swift in Sources */ = {isa = PBXBuildFile; fileRef = AB2BAC1E2A76DFB800DD5410 /* MainView.swift */; };
		AB2BAC212A76E21C00DD5410 /* NewsView.swift in Sources */ = {isa = PBXBuildFile; fileRef = AB2BAC202A76E21C00DD5410 /* NewsView.swift */; };
		AB2BAC242A76E2D700DD5410 /* SDWebImageSwiftUI in Frameworks */ = {isa = PBXBuildFile; productRef = AB2BAC232A76E2D700DD5410 /* SDWebImageSwiftUI */; };
		AB2BAC272A76EFAB00DD5410 /* ArticleDetails.swift in Sources */ = {isa = PBXBuildFile; fileRef = AB2BAC262A76EFAB00DD5410 /* ArticleDetails.swift */; };
		AB2BAC292A7708FA00DD5410 /* WebView.swift in Sources */ = {isa = PBXBuildFile; fileRef = AB2BAC282A7708FA00DD5410 /* WebView.swift */; };
		AB2BAC2E2A780DBD00DD5410 /* RealmSwift in Frameworks */ = {isa = PBXBuildFile; productRef = AB2BAC2D2A780DBD00DD5410 /* RealmSwift */; };
		AB2BAC312A780E0400DD5410 /* RealmArticle.swift in Sources */ = {isa = PBXBuildFile; fileRef = AB2BAC302A780E0400DD5410 /* RealmArticle.swift */; };
		ABA000D12A79C901000EC3A6 /* RealmSwift in Frameworks */ = {isa = PBXBuildFile; productRef = ABA000D02A79C901000EC3A6 /* RealmSwift */; };
		ABA000D32A79C923000EC3A6 /* SDWebImageSwiftUI in Frameworks */ = {isa = PBXBuildFile; productRef = ABA000D22A79C923000EC3A6 /* SDWebImageSwiftUI */; };
		ABA000D52A79C929000EC3A6 /* OptionallyDecodable in Frameworks */ = {isa = PBXBuildFile; productRef = ABA000D42A79C929000EC3A6 /* OptionallyDecodable */; };
		ABA000D72A79C991000EC3A6 /* articles.json in Resources */ = {isa = PBXBuildFile; fileRef = ABA000D62A79C991000EC3A6 /* articles.json */; };
		ABBB54192A796C10004E7CBF /* Extenstions.swift in Sources */ = {isa = PBXBuildFile; fileRef = ABBB54182A796C10004E7CBF /* Extenstions.swift */; };
		ABBB541B2A7975D4004E7CBF /* ReachabilityManager.swift in Sources */ = {isa = PBXBuildFile; fileRef = ABBB541A2A7975D4004E7CBF /* ReachabilityManager.swift */; };
		ABBB54292A79C2DD004E7CBF /* News_Reader_AppTests2.swift in Sources */ = {isa = PBXBuildFile; fileRef = ABBB54282A79C2DD004E7CBF /* News_Reader_AppTests2.swift */; };
		ABBB54312A79C3A8004E7CBF /* Bundle.swift in Sources */ = {isa = PBXBuildFile; fileRef = ABBB54302A79C3A8004E7CBF /* Bundle.swift */; };
/* End PBXBuildFile section */

/* Begin PBXContainerItemProxy section */
		ABBB542A2A79C2DD004E7CBF /* PBXContainerItemProxy */ = {
			isa = PBXContainerItemProxy;
			containerPortal = AB2BABDB2A76DAC900DD5410 /* Project object */;
			proxyType = 1;
			remoteGlobalIDString = AB2BABE22A76DAC900DD5410;
			remoteInfo = "News-Reader-App";
		};
/* End PBXContainerItemProxy section */

/* Begin PBXFileReference section */
		AB2BABE32A76DAC900DD5410 /* News-Reader-App.app */ = {isa = PBXFileReference; explicitFileType = wrapper.application; includeInIndex = 0; path = "News-Reader-App.app"; sourceTree = BUILT_PRODUCTS_DIR; };
		AB2BABE62A76DAC900DD5410 /* News_Reader_AppApp.swift */ = {isa = PBXFileReference; lastKnownFileType = sourcecode.swift; path = News_Reader_AppApp.swift; sourceTree = "<group>"; };
		AB2BABEA2A76DACA00DD5410 /* Assets.xcassets */ = {isa = PBXFileReference; lastKnownFileType = folder.assetcatalog; path = Assets.xcassets; sourceTree = "<group>"; };
		AB2BABED2A76DACA00DD5410 /* Preview Assets.xcassets */ = {isa = PBXFileReference; lastKnownFileType = folder.assetcatalog; path = "Preview Assets.xcassets"; sourceTree = "<group>"; };
		AB2BAC132A76DBCC00DD5410 /* APIHandler.swift */ = {isa = PBXFileReference; lastKnownFileType = sourcecode.swift; path = APIHandler.swift; sourceTree = "<group>"; };
		AB2BAC152A76DC3800DD5410 /* NewsParser.swift */ = {isa = PBXFileReference; lastKnownFileType = sourcecode.swift; path = NewsParser.swift; sourceTree = "<group>"; };
		AB2BAC1A2A76DD2900DD5410 /* NewsViewModel.swift */ = {isa = PBXFileReference; lastKnownFileType = sourcecode.swift; path = NewsViewModel.swift; sourceTree = "<group>"; };
		AB2BAC1E2A76DFB800DD5410 /* MainView.swift */ = {isa = PBXFileReference; lastKnownFileType = sourcecode.swift; path = MainView.swift; sourceTree = "<group>"; };
		AB2BAC202A76E21C00DD5410 /* NewsView.swift */ = {isa = PBXFileReference; lastKnownFileType = sourcecode.swift; path = NewsView.swift; sourceTree = "<group>"; };
		AB2BAC252A76E37800DD5410 /* Empty.md */ = {isa = PBXFileReference; lastKnownFileType = net.daringfireball.markdown; path = Empty.md; sourceTree = "<group>"; };
		AB2BAC262A76EFAB00DD5410 /* ArticleDetails.swift */ = {isa = PBXFileReference; lastKnownFileType = sourcecode.swift; path = ArticleDetails.swift; sourceTree = "<group>"; };
		AB2BAC282A7708FA00DD5410 /* WebView.swift */ = {isa = PBXFileReference; lastKnownFileType = sourcecode.swift; path = WebView.swift; sourceTree = "<group>"; };
		AB2BAC302A780E0400DD5410 /* RealmArticle.swift */ = {isa = PBXFileReference; lastKnownFileType = sourcecode.swift; path = RealmArticle.swift; sourceTree = "<group>"; };
		ABA000D62A79C991000EC3A6 /* articles.json */ = {isa = PBXFileReference; lastKnownFileType = text.json; path = articles.json; sourceTree = "<group>"; };
		ABBB54182A796C10004E7CBF /* Extenstions.swift */ = {isa = PBXFileReference; lastKnownFileType = sourcecode.swift; path = Extenstions.swift; sourceTree = "<group>"; };
		ABBB541A2A7975D4004E7CBF /* ReachabilityManager.swift */ = {isa = PBXFileReference; lastKnownFileType = sourcecode.swift; path = ReachabilityManager.swift; sourceTree = "<group>"; };
		ABBB54262A79C2DC004E7CBF /* News-Reader-AppTests2.xctest */ = {isa = PBXFileReference; explicitFileType = wrapper.cfbundle; includeInIndex = 0; path = "News-Reader-AppTests2.xctest"; sourceTree = BUILT_PRODUCTS_DIR; };
		ABBB54282A79C2DD004E7CBF /* News_Reader_AppTests2.swift */ = {isa = PBXFileReference; lastKnownFileType = sourcecode.swift; path = News_Reader_AppTests2.swift; sourceTree = "<group>"; };
		ABBB54302A79C3A8004E7CBF /* Bundle.swift */ = {isa = PBXFileReference; lastKnownFileType = sourcecode.swift; path = Bundle.swift; sourceTree = "<group>"; };
/* End PBXFileReference section */

/* Begin PBXFrameworksBuildPhase section */
		AB2BABE02A76DAC900DD5410 /* Frameworks */ = {
			isa = PBXFrameworksBuildPhase;
			buildActionMask = 2147483647;
			files = (
				AB2BAC2E2A780DBD00DD5410 /* RealmSwift in Frameworks */,
				AB2BAC242A76E2D700DD5410 /* SDWebImageSwiftUI in Frameworks */,
				AB2BAC192A76DCDF00DD5410 /* OptionallyDecodable in Frameworks */,
			);
			runOnlyForDeploymentPostprocessing = 0;
		};
		ABBB54232A79C2DC004E7CBF /* Frameworks */ = {
			isa = PBXFrameworksBuildPhase;
			buildActionMask = 2147483647;
			files = (
				ABA000D32A79C923000EC3A6 /* SDWebImageSwiftUI in Frameworks */,
				ABA000D12A79C901000EC3A6 /* RealmSwift in Frameworks */,
				ABA000D52A79C929000EC3A6 /* OptionallyDecodable in Frameworks */,
			);
			runOnlyForDeploymentPostprocessing = 0;
		};
/* End PBXFrameworksBuildPhase section */

/* Begin PBXGroup section */
		AB2BABDA2A76DAC900DD5410 = {
			isa = PBXGroup;
			children = (
				AB2BABE52A76DAC900DD5410 /* News-Reader-App */,
				ABBB54272A79C2DD004E7CBF /* News-Reader-AppTests2 */,
				AB2BABE42A76DAC900DD5410 /* Products */,
				ABA000CF2A79C901000EC3A6 /* Frameworks */,
			);
			sourceTree = "<group>";
		};
		AB2BABE42A76DAC900DD5410 /* Products */ = {
			isa = PBXGroup;
			children = (
				AB2BABE32A76DAC900DD5410 /* News-Reader-App.app */,
				ABBB54262A79C2DC004E7CBF /* News-Reader-AppTests2.xctest */,
			);
			name = Products;
			sourceTree = "<group>";
		};
		AB2BABE52A76DAC900DD5410 /* News-Reader-App */ = {
			isa = PBXGroup;
			children = (
				AB2BAC102A76DB0100DD5410 /* Model */,
				AB2BAC122A76DB0E00DD5410 /* ViewModel */,
				AB2BAC112A76DB0700DD5410 /* View */,
				AB2BABE62A76DAC900DD5410 /* News_Reader_AppApp.swift */,
				AB2BAC1E2A76DFB800DD5410 /* MainView.swift */,
				AB2BABEA2A76DACA00DD5410 /* Assets.xcassets */,
				ABBB54152A793450004E7CBF /* Helper */,
				AB2BABEC2A76DACA00DD5410 /* Preview Content */,
				AB2BAC252A76E37800DD5410 /* Empty.md */,
			);
			path = "News-Reader-App";
			sourceTree = "<group>";
		};
		AB2BABEC2A76DACA00DD5410 /* Preview Content */ = {
			isa = PBXGroup;
			children = (
				AB2BABED2A76DACA00DD5410 /* Preview Assets.xcassets */,
			);
			path = "Preview Content";
			sourceTree = "<group>";
		};
		AB2BAC102A76DB0100DD5410 /* Model */ = {
			isa = PBXGroup;
			children = (
				ABBB54142A79336F004E7CBF /* APIClient */,
				AB2BAC2F2A780DCB00DD5410 /* RealmDataBase */,
				AB2BAC152A76DC3800DD5410 /* NewsParser.swift */,
			);
			path = Model;
			sourceTree = "<group>";
		};
		AB2BAC112A76DB0700DD5410 /* View */ = {
			isa = PBXGroup;
			children = (
				AB2BAC202A76E21C00DD5410 /* NewsView.swift */,
				AB2BAC262A76EFAB00DD5410 /* ArticleDetails.swift */,
			);
			path = View;
			sourceTree = "<group>";
		};
		AB2BAC122A76DB0E00DD5410 /* ViewModel */ = {
			isa = PBXGroup;
			children = (
				AB2BAC1A2A76DD2900DD5410 /* NewsViewModel.swift */,
			);
			path = ViewModel;
			sourceTree = "<group>";
		};
		AB2BAC2F2A780DCB00DD5410 /* RealmDataBase */ = {
			isa = PBXGroup;
			children = (
				AB2BAC302A780E0400DD5410 /* RealmArticle.swift */,
			);
			path = RealmDataBase;
			sourceTree = "<group>";
		};
		ABA000CF2A79C901000EC3A6 /* Frameworks */ = {
			isa = PBXGroup;
			children = (
			);
			name = Frameworks;
			sourceTree = "<group>";
		};
		ABBB54142A79336F004E7CBF /* APIClient */ = {
			isa = PBXGroup;
			children = (
				AB2BAC132A76DBCC00DD5410 /* APIHandler.swift */,
			);
			path = APIClient;
			sourceTree = "<group>";
		};
		ABBB54152A793450004E7CBF /* Helper */ = {
			isa = PBXGroup;
			children = (
				AB2BAC282A7708FA00DD5410 /* WebView.swift */,
				ABBB54182A796C10004E7CBF /* Extenstions.swift */,
				ABBB541A2A7975D4004E7CBF /* ReachabilityManager.swift */,
			);
			path = Helper;
			sourceTree = "<group>";
		};
		ABBB54272A79C2DD004E7CBF /* News-Reader-AppTests2 */ = {
			isa = PBXGroup;
			children = (
				ABBB54282A79C2DD004E7CBF /* News_Reader_AppTests2.swift */,
				ABBB54302A79C3A8004E7CBF /* Bundle.swift */,
				ABA000D62A79C991000EC3A6 /* articles.json */,
			);
			path = "News-Reader-AppTests2";
			sourceTree = "<group>";
		};
/* End PBXGroup section */

/* Begin PBXNativeTarget section */
		AB2BABE22A76DAC900DD5410 /* News-Reader-App */ = {
			isa = PBXNativeTarget;
			buildConfigurationList = AB2BAC072A76DACA00DD5410 /* Build configuration list for PBXNativeTarget "News-Reader-App" */;
			buildPhases = (
				AB2BABDF2A76DAC900DD5410 /* Sources */,
				AB2BABE02A76DAC900DD5410 /* Frameworks */,
				AB2BABE12A76DAC900DD5410 /* Resources */,
			);
			buildRules = (
			);
			dependencies = (
			);
			name = "News-Reader-App";
			packageProductDependencies = (
				AB2BAC182A76DCDF00DD5410 /* OptionallyDecodable */,
				AB2BAC232A76E2D700DD5410 /* SDWebImageSwiftUI */,
				AB2BAC2D2A780DBD00DD5410 /* RealmSwift */,
			);
			productName = "News-Reader-App";
			productReference = AB2BABE32A76DAC900DD5410 /* News-Reader-App.app */;
			productType = "com.apple.product-type.application";
		};
		ABBB54252A79C2DC004E7CBF /* News-Reader-AppTests2 */ = {
			isa = PBXNativeTarget;
			buildConfigurationList = ABBB542C2A79C2DD004E7CBF /* Build configuration list for PBXNativeTarget "News-Reader-AppTests2" */;
			buildPhases = (
				ABBB54222A79C2DC004E7CBF /* Sources */,
				ABBB54232A79C2DC004E7CBF /* Frameworks */,
				ABBB54242A79C2DC004E7CBF /* Resources */,
			);
			buildRules = (
			);
			dependencies = (
				ABBB542B2A79C2DD004E7CBF /* PBXTargetDependency */,
			);
			name = "News-Reader-AppTests2";
			packageProductDependencies = (
				ABA000D02A79C901000EC3A6 /* RealmSwift */,
				ABA000D22A79C923000EC3A6 /* SDWebImageSwiftUI */,
				ABA000D42A79C929000EC3A6 /* OptionallyDecodable */,
			);
			productName = "News-Reader-AppTests2";
			productReference = ABBB54262A79C2DC004E7CBF /* News-Reader-AppTests2.xctest */;
			productType = "com.apple.product-type.bundle.unit-test";
		};
/* End PBXNativeTarget section */

/* Begin PBXProject section */
		AB2BABDB2A76DAC900DD5410 /* Project object */ = {
			isa = PBXProject;
			attributes = {
				BuildIndependentTargetsInParallel = 1;
				LastSwiftUpdateCheck = 1430;
				LastUpgradeCheck = 1430;
				TargetAttributes = {
					AB2BABE22A76DAC900DD5410 = {
						CreatedOnToolsVersion = 14.3.1;
					};
					ABBB54252A79C2DC004E7CBF = {
						CreatedOnToolsVersion = 14.3.1;
						TestTargetID = AB2BABE22A76DAC900DD5410;
					};
				};
			};
			buildConfigurationList = AB2BABDE2A76DAC900DD5410 /* Build configuration list for PBXProject "News-Reader-App" */;
			compatibilityVersion = "Xcode 14.0";
			developmentRegion = en;
			hasScannedForEncodings = 0;
			knownRegions = (
				en,
				Base,
			);
			mainGroup = AB2BABDA2A76DAC900DD5410;
			packageReferences = (
				AB2BAC172A76DCDF00DD5410 /* XCRemoteSwiftPackageReference "OptionallyDecodable" */,
				AB2BAC222A76E2D700DD5410 /* XCRemoteSwiftPackageReference "SDWebImageSwiftUI" */,
				AB2BAC2C2A780DBD00DD5410 /* XCRemoteSwiftPackageReference "realm-swift" */,
			);
			productRefGroup = AB2BABE42A76DAC900DD5410 /* Products */;
			projectDirPath = "";
			projectRoot = "";
			targets = (
				AB2BABE22A76DAC900DD5410 /* News-Reader-App */,
				ABBB54252A79C2DC004E7CBF /* News-Reader-AppTests2 */,
			);
		};
/* End PBXProject section */

/* Begin PBXResourcesBuildPhase section */
		AB2BABE12A76DAC900DD5410 /* Resources */ = {
			isa = PBXResourcesBuildPhase;
			buildActionMask = 2147483647;
			files = (
				AB2BABEE2A76DACA00DD5410 /* Preview Assets.xcassets in Resources */,
				AB2BABEB2A76DACA00DD5410 /* Assets.xcassets in Resources */,
			);
			runOnlyForDeploymentPostprocessing = 0;
		};
		ABBB54242A79C2DC004E7CBF /* Resources */ = {
			isa = PBXResourcesBuildPhase;
			buildActionMask = 2147483647;
			files = (
				ABA000D72A79C991000EC3A6 /* articles.json in Resources */,
			);
			runOnlyForDeploymentPostprocessing = 0;
		};
/* End PBXResourcesBuildPhase section */

/* Begin PBXSourcesBuildPhase section */
		AB2BABDF2A76DAC900DD5410 /* Sources */ = {
			isa = PBXSourcesBuildPhase;
			buildActionMask = 2147483647;
			files = (
				AB2BAC142A76DBCC00DD5410 /* APIHandler.swift in Sources */,
				ABBB541B2A7975D4004E7CBF /* ReachabilityManager.swift in Sources */,
				AB2BAC292A7708FA00DD5410 /* WebView.swift in Sources */,
				AB2BAC1F2A76DFB800DD5410 /* MainView.swift in Sources */,
				AB2BAC162A76DC3800DD5410 /* NewsParser.swift in Sources */,
				AB2BAC212A76E21C00DD5410 /* NewsView.swift in Sources */,
				AB2BAC1B2A76DD2900DD5410 /* NewsViewModel.swift in Sources */,
				ABBB54192A796C10004E7CBF /* Extenstions.swift in Sources */,
				AB2BABE72A76DAC900DD5410 /* News_Reader_AppApp.swift in Sources */,
				AB2BAC312A780E0400DD5410 /* RealmArticle.swift in Sources */,
				AB2BAC272A76EFAB00DD5410 /* ArticleDetails.swift in Sources */,
			);
			runOnlyForDeploymentPostprocessing = 0;
		};
		ABBB54222A79C2DC004E7CBF /* Sources */ = {
			isa = PBXSourcesBuildPhase;
			buildActionMask = 2147483647;
			files = (
				ABBB54292A79C2DD004E7CBF /* News_Reader_AppTests2.swift in Sources */,
				ABBB54312A79C3A8004E7CBF /* Bundle.swift in Sources */,
			);
			runOnlyForDeploymentPostprocessing = 0;
		};
/* End PBXSourcesBuildPhase section */

/* Begin PBXTargetDependency section */
		ABBB542B2A79C2DD004E7CBF /* PBXTargetDependency */ = {
			isa = PBXTargetDependency;
			target = AB2BABE22A76DAC900DD5410 /* News-Reader-App */;
			targetProxy = ABBB542A2A79C2DD004E7CBF /* PBXContainerItemProxy */;
		};
/* End PBXTargetDependency section */

/* Begin XCBuildConfiguration section */
		AB2BAC052A76DACA00DD5410 /* Debug */ = {
			isa = XCBuildConfiguration;
			buildSettings = {
				ALWAYS_SEARCH_USER_PATHS = NO;
				CLANG_ANALYZER_NONNULL = YES;
				CLANG_ANALYZER_NUMBER_OBJECT_CONVERSION = YES_AGGRESSIVE;
				CLANG_CXX_LANGUAGE_STANDARD = "gnu++20";
				CLANG_ENABLE_MODULES = YES;
				CLANG_ENABLE_OBJC_ARC = YES;
				CLANG_ENABLE_OBJC_WEAK = YES;
				CLANG_WARN_BLOCK_CAPTURE_AUTORELEASING = YES;
				CLANG_WARN_BOOL_CONVERSION = YES;
				CLANG_WARN_COMMA = YES;
				CLANG_WARN_CONSTANT_CONVERSION = YES;
				CLANG_WARN_DEPRECATED_OBJC_IMPLEMENTATIONS = YES;
				CLANG_WARN_DIRECT_OBJC_ISA_USAGE = YES_ERROR;
				CLANG_WARN_DOCUMENTATION_COMMENTS = YES;
				CLANG_WARN_EMPTY_BODY = YES;
				CLANG_WARN_ENUM_CONVERSION = YES;
				CLANG_WARN_INFINITE_RECURSION = YES;
				CLANG_WARN_INT_CONVERSION = YES;
				CLANG_WARN_NON_LITERAL_NULL_CONVERSION = YES;
				CLANG_WARN_OBJC_IMPLICIT_RETAIN_SELF = YES;
				CLANG_WARN_OBJC_LITERAL_CONVERSION = YES;
				CLANG_WARN_OBJC_ROOT_CLASS = YES_ERROR;
				CLANG_WARN_QUOTED_INCLUDE_IN_FRAMEWORK_HEADER = YES;
				CLANG_WARN_RANGE_LOOP_ANALYSIS = YES;
				CLANG_WARN_STRICT_PROTOTYPES = YES;
				CLANG_WARN_SUSPICIOUS_MOVE = YES;
				CLANG_WARN_UNGUARDED_AVAILABILITY = YES_AGGRESSIVE;
				CLANG_WARN_UNREACHABLE_CODE = YES;
				CLANG_WARN__DUPLICATE_METHOD_MATCH = YES;
				COPY_PHASE_STRIP = NO;
				DEBUG_INFORMATION_FORMAT = dwarf;
				ENABLE_STRICT_OBJC_MSGSEND = YES;
				ENABLE_TESTABILITY = YES;
				GCC_C_LANGUAGE_STANDARD = gnu11;
				GCC_DYNAMIC_NO_PIC = NO;
				GCC_NO_COMMON_BLOCKS = YES;
				GCC_OPTIMIZATION_LEVEL = 0;
				GCC_PREPROCESSOR_DEFINITIONS = (
					"DEBUG=1",
					"$(inherited)",
				);
				GCC_WARN_64_TO_32_BIT_CONVERSION = YES;
				GCC_WARN_ABOUT_RETURN_TYPE = YES_ERROR;
				GCC_WARN_UNDECLARED_SELECTOR = YES;
				GCC_WARN_UNINITIALIZED_AUTOS = YES_AGGRESSIVE;
				GCC_WARN_UNUSED_FUNCTION = YES;
				GCC_WARN_UNUSED_VARIABLE = YES;
				IPHONEOS_DEPLOYMENT_TARGET = 16.4;
				MTL_ENABLE_DEBUG_INFO = INCLUDE_SOURCE;
				MTL_FAST_MATH = YES;
				ONLY_ACTIVE_ARCH = YES;
				SDKROOT = iphoneos;
				SWIFT_ACTIVE_COMPILATION_CONDITIONS = DEBUG;
				SWIFT_OPTIMIZATION_LEVEL = "-Onone";
			};
			name = Debug;
		};
		AB2BAC062A76DACA00DD5410 /* Release */ = {
			isa = XCBuildConfiguration;
			buildSettings = {
				ALWAYS_SEARCH_USER_PATHS = NO;
				CLANG_ANALYZER_NONNULL = YES;
				CLANG_ANALYZER_NUMBER_OBJECT_CONVERSION = YES_AGGRESSIVE;
				CLANG_CXX_LANGUAGE_STANDARD = "gnu++20";
				CLANG_ENABLE_MODULES = YES;
				CLANG_ENABLE_OBJC_ARC = YES;
				CLANG_ENABLE_OBJC_WEAK = YES;
				CLANG_WARN_BLOCK_CAPTURE_AUTORELEASING = YES;
				CLANG_WARN_BOOL_CONVERSION = YES;
				CLANG_WARN_COMMA = YES;
				CLANG_WARN_CONSTANT_CONVERSION = YES;
				CLANG_WARN_DEPRECATED_OBJC_IMPLEMENTATIONS = YES;
				CLANG_WARN_DIRECT_OBJC_ISA_USAGE = YES_ERROR;
				CLANG_WARN_DOCUMENTATION_COMMENTS = YES;
				CLANG_WARN_EMPTY_BODY = YES;
				CLANG_WARN_ENUM_CONVERSION = YES;
				CLANG_WARN_INFINITE_RECURSION = YES;
				CLANG_WARN_INT_CONVERSION = YES;
				CLANG_WARN_NON_LITERAL_NULL_CONVERSION = YES;
				CLANG_WARN_OBJC_IMPLICIT_RETAIN_SELF = YES;
				CLANG_WARN_OBJC_LITERAL_CONVERSION = YES;
				CLANG_WARN_OBJC_ROOT_CLASS = YES_ERROR;
				CLANG_WARN_QUOTED_INCLUDE_IN_FRAMEWORK_HEADER = YES;
				CLANG_WARN_RANGE_LOOP_ANALYSIS = YES;
				CLANG_WARN_STRICT_PROTOTYPES = YES;
				CLANG_WARN_SUSPICIOUS_MOVE = YES;
				CLANG_WARN_UNGUARDED_AVAILABILITY = YES_AGGRESSIVE;
				CLANG_WARN_UNREACHABLE_CODE = YES;
				CLANG_WARN__DUPLICATE_METHOD_MATCH = YES;
				COPY_PHASE_STRIP = NO;
				DEBUG_INFORMATION_FORMAT = "dwarf-with-dsym";
				ENABLE_NS_ASSERTIONS = NO;
				ENABLE_STRICT_OBJC_MSGSEND = YES;
				GCC_C_LANGUAGE_STANDARD = gnu11;
				GCC_NO_COMMON_BLOCKS = YES;
				GCC_WARN_64_TO_32_BIT_CONVERSION = YES;
				GCC_WARN_ABOUT_RETURN_TYPE = YES_ERROR;
				GCC_WARN_UNDECLARED_SELECTOR = YES;
				GCC_WARN_UNINITIALIZED_AUTOS = YES_AGGRESSIVE;
				GCC_WARN_UNUSED_FUNCTION = YES;
				GCC_WARN_UNUSED_VARIABLE = YES;
				IPHONEOS_DEPLOYMENT_TARGET = 16.4;
				MTL_ENABLE_DEBUG_INFO = NO;
				MTL_FAST_MATH = YES;
				SDKROOT = iphoneos;
				SWIFT_COMPILATION_MODE = wholemodule;
				SWIFT_OPTIMIZATION_LEVEL = "-O";
				VALIDATE_PRODUCT = YES;
			};
			name = Release;
		};
		AB2BAC082A76DACA00DD5410 /* Debug */ = {
			isa = XCBuildConfiguration;
			buildSettings = {
				ASSETCATALOG_COMPILER_APPICON_NAME = AppIcon;
				ASSETCATALOG_COMPILER_GLOBAL_ACCENT_COLOR_NAME = AccentColor;
				CODE_SIGN_STYLE = Automatic;
				CURRENT_PROJECT_VERSION = 1;
				DEVELOPMENT_ASSET_PATHS = "\"News-Reader-App/Preview Content\"";
				DEVELOPMENT_TEAM = 3Q8FDFK3WX;
				ENABLE_PREVIEWS = YES;
				GENERATE_INFOPLIST_FILE = YES;
				INFOPLIST_KEY_UIApplicationSceneManifest_Generation = YES;
				INFOPLIST_KEY_UIApplicationSupportsIndirectInputEvents = YES;
				INFOPLIST_KEY_UILaunchScreen_Generation = YES;
				INFOPLIST_KEY_UISupportedInterfaceOrientations_iPad = "UIInterfaceOrientationPortrait UIInterfaceOrientationPortraitUpsideDown UIInterfaceOrientationLandscapeLeft UIInterfaceOrientationLandscapeRight";
				INFOPLIST_KEY_UISupportedInterfaceOrientations_iPhone = "UIInterfaceOrientationPortrait UIInterfaceOrientationLandscapeLeft UIInterfaceOrientationLandscapeRight";
				LD_RUNPATH_SEARCH_PATHS = (
					"$(inherited)",
					"@executable_path/Frameworks",
				);
				MARKETING_VERSION = 1.0;
				PRODUCT_BUNDLE_IDENTIFIER = "com.salah.12488.News-Reader-App";
				PRODUCT_NAME = "$(TARGET_NAME)";
				SWIFT_EMIT_LOC_STRINGS = YES;
				SWIFT_VERSION = 5.0;
				TARGETED_DEVICE_FAMILY = "1,2";
			};
			name = Debug;
		};
		AB2BAC092A76DACA00DD5410 /* Release */ = {
			isa = XCBuildConfiguration;
			buildSettings = {
				ASSETCATALOG_COMPILER_APPICON_NAME = AppIcon;
				ASSETCATALOG_COMPILER_GLOBAL_ACCENT_COLOR_NAME = AccentColor;
				CODE_SIGN_STYLE = Automatic;
				CURRENT_PROJECT_VERSION = 1;
				DEVELOPMENT_ASSET_PATHS = "\"News-Reader-App/Preview Content\"";
				DEVELOPMENT_TEAM = 3Q8FDFK3WX;
				ENABLE_PREVIEWS = YES;
				GENERATE_INFOPLIST_FILE = YES;
				INFOPLIST_KEY_UIApplicationSceneManifest_Generation = YES;
				INFOPLIST_KEY_UIApplicationSupportsIndirectInputEvents = YES;
				INFOPLIST_KEY_UILaunchScreen_Generation = YES;
				INFOPLIST_KEY_UISupportedInterfaceOrientations_iPad = "UIInterfaceOrientationPortrait UIInterfaceOrientationPortraitUpsideDown UIInterfaceOrientationLandscapeLeft UIInterfaceOrientationLandscapeRight";
				INFOPLIST_KEY_UISupportedInterfaceOrientations_iPhone = "UIInterfaceOrientationPortrait UIInterfaceOrientationLandscapeLeft UIInterfaceOrientationLandscapeRight";
				LD_RUNPATH_SEARCH_PATHS = (
					"$(inherited)",
					"@executable_path/Frameworks",
				);
				MARKETING_VERSION = 1.0;
				PRODUCT_BUNDLE_IDENTIFIER = "com.salah.12488.News-Reader-App";
				PRODUCT_NAME = "$(TARGET_NAME)";
				SWIFT_EMIT_LOC_STRINGS = YES;
				SWIFT_VERSION = 5.0;
				TARGETED_DEVICE_FAMILY = "1,2";
			};
			name = Release;
		};
		ABBB542D2A79C2DD004E7CBF /* Debug */ = {
			isa = XCBuildConfiguration;
			buildSettings = {
				BUNDLE_LOADER = "$(TEST_HOST)";
				CODE_SIGN_STYLE = Automatic;
				CURRENT_PROJECT_VERSION = 1;
				DEVELOPMENT_TEAM = 3Q8FDFK3WX;
				GENERATE_INFOPLIST_FILE = YES;
				MARKETING_VERSION = 1.0;
				PRODUCT_BUNDLE_IDENTIFIER = "com.salah.12488.News-Reader-AppTests2";
				PRODUCT_NAME = "$(TARGET_NAME)";
				SWIFT_EMIT_LOC_STRINGS = NO;
				SWIFT_VERSION = 5.0;
				TARGETED_DEVICE_FAMILY = "1,2";
				TEST_HOST = "$(BUILT_PRODUCTS_DIR)/News-Reader-App.app/$(BUNDLE_EXECUTABLE_FOLDER_PATH)/News-Reader-App";
			};
			name = Debug;
		};
		ABBB542E2A79C2DD004E7CBF /* Release */ = {
			isa = XCBuildConfiguration;
			buildSettings = {
				BUNDLE_LOADER = "$(TEST_HOST)";
				CODE_SIGN_STYLE = Automatic;
				CURRENT_PROJECT_VERSION = 1;
				DEVELOPMENT_TEAM = 3Q8FDFK3WX;
				GENERATE_INFOPLIST_FILE = YES;
				MARKETING_VERSION = 1.0;
				PRODUCT_BUNDLE_IDENTIFIER = "com.salah.12488.News-Reader-AppTests2";
				PRODUCT_NAME = "$(TARGET_NAME)";
				SWIFT_EMIT_LOC_STRINGS = NO;
				SWIFT_VERSION = 5.0;
				TARGETED_DEVICE_FAMILY = "1,2";
				TEST_HOST = "$(BUILT_PRODUCTS_DIR)/News-Reader-App.app/$(BUNDLE_EXECUTABLE_FOLDER_PATH)/News-Reader-App";
			};
			name = Release;
		};
/* End XCBuildConfiguration section */

/* Begin XCConfigurationList section */
		AB2BABDE2A76DAC900DD5410 /* Build configuration list for PBXProject "News-Reader-App" */ = {
			isa = XCConfigurationList;
			buildConfigurations = (
				AB2BAC052A76DACA00DD5410 /* Debug */,
				AB2BAC062A76DACA00DD5410 /* Release */,
			);
			defaultConfigurationIsVisible = 0;
			defaultConfigurationName = Release;
		};
		AB2BAC072A76DACA00DD5410 /* Build configuration list for PBXNativeTarget "News-Reader-App" */ = {
			isa = XCConfigurationList;
			buildConfigurations = (
				AB2BAC082A76DACA00DD5410 /* Debug */,
				AB2BAC092A76DACA00DD5410 /* Release */,
			);
			defaultConfigurationIsVisible = 0;
			defaultConfigurationName = Release;
		};
		ABBB542C2A79C2DD004E7CBF /* Build configuration list for PBXNativeTarget "News-Reader-AppTests2" */ = {
			isa = XCConfigurationList;
			buildConfigurations = (
				ABBB542D2A79C2DD004E7CBF /* Debug */,
				ABBB542E2A79C2DD004E7CBF /* Release */,
			);
			defaultConfigurationIsVisible = 0;
			defaultConfigurationName = Release;
		};
/* End XCConfigurationList section */

/* Begin XCRemoteSwiftPackageReference section */
		AB2BAC172A76DCDF00DD5410 /* XCRemoteSwiftPackageReference "OptionallyDecodable" */ = {
			isa = XCRemoteSwiftPackageReference;
			repositoryURL = "https://github.com/idrougge/OptionallyDecodable";
			requirement = {
				kind = upToNextMajorVersion;
				minimumVersion = 1.0.0;
			};
		};
		AB2BAC222A76E2D700DD5410 /* XCRemoteSwiftPackageReference "SDWebImageSwiftUI" */ = {
			isa = XCRemoteSwiftPackageReference;
			repositoryURL = "https://github.com/SDWebImage/SDWebImageSwiftUI";
			requirement = {
				kind = upToNextMajorVersion;
				minimumVersion = 2.0.0;
			};
		};
		AB2BAC2C2A780DBD00DD5410 /* XCRemoteSwiftPackageReference "realm-swift" */ = {
			isa = XCRemoteSwiftPackageReference;
			repositoryURL = "https://github.com/realm/realm-swift";
			requirement = {
				branch = master;
				kind = branch;
			};
		};
/* End XCRemoteSwiftPackageReference section */

/* Begin XCSwiftPackageProductDependency section */
		AB2BAC182A76DCDF00DD5410 /* OptionallyDecodable */ = {
			isa = XCSwiftPackageProductDependency;
			package = AB2BAC172A76DCDF00DD5410 /* XCRemoteSwiftPackageReference "OptionallyDecodable" */;
			productName = OptionallyDecodable;
		};
		AB2BAC232A76E2D700DD5410 /* SDWebImageSwiftUI */ = {
			isa = XCSwiftPackageProductDependency;
			package = AB2BAC222A76E2D700DD5410 /* XCRemoteSwiftPackageReference "SDWebImageSwiftUI" */;
			productName = SDWebImageSwiftUI;
		};
		AB2BAC2D2A780DBD00DD5410 /* RealmSwift */ = {
			isa = XCSwiftPackageProductDependency;
			package = AB2BAC2C2A780DBD00DD5410 /* XCRemoteSwiftPackageReference "realm-swift" */;
			productName = RealmSwift;
		};
		ABA000D02A79C901000EC3A6 /* RealmSwift */ = {
			isa = XCSwiftPackageProductDependency;
			package = AB2BAC2C2A780DBD00DD5410 /* XCRemoteSwiftPackageReference "realm-swift" */;
			productName = RealmSwift;
		};
		ABA000D22A79C923000EC3A6 /* SDWebImageSwiftUI */ = {
			isa = XCSwiftPackageProductDependency;
			package = AB2BAC222A76E2D700DD5410 /* XCRemoteSwiftPackageReference "SDWebImageSwiftUI" */;
			productName = SDWebImageSwiftUI;
		};
		ABA000D42A79C929000EC3A6 /* OptionallyDecodable */ = {
			isa = XCSwiftPackageProductDependency;
			package = AB2BAC172A76DCDF00DD5410 /* XCRemoteSwiftPackageReference "OptionallyDecodable" */;
			productName = OptionallyDecodable;
		};
/* End XCSwiftPackageProductDependency section */
	};
	rootObject = AB2BABDB2A76DAC900DD5410 /* Project object */;
}
